// !$*UTF8*$!
{
	archiveVersion = 1;
	classes = {
	};
	objectVersion = 55;
	objects = {

/* Begin PBXBuildFile section */
		CC2439B62844612A005142ED /* ResolveTests.swift in Sources */ = {isa = PBXBuildFile; fileRef = CC2439B52844612A005142ED /* ResolveTests.swift */; };
		CC2439BD2844628C005142ED /* AssetTests.swift in Sources */ = {isa = PBXBuildFile; fileRef = CC2439BC2844628C005142ED /* AssetTests.swift */; };
		CC2439BF28446409005142ED /* GoalTests.swift in Sources */ = {isa = PBXBuildFile; fileRef = CC2439BE28446409005142ED /* GoalTests.swift */; };
		CC2439C1284466A4005142ED /* AwardTests.swift in Sources */ = {isa = PBXBuildFile; fileRef = CC2439C0284466A4005142ED /* AwardTests.swift */; };
		CC256197284314E900191C4D /* Localizable.strings in Resources */ = {isa = PBXBuildFile; fileRef = CC256191284314E900191C4D /* Localizable.strings */; };
		CC256198284314E900191C4D /* Awards.json in Resources */ = {isa = PBXBuildFile; fileRef = CC256193284314E900191C4D /* Awards.json */; };
		CC256199284314E900191C4D /* Localizable.stringsdict in Resources */ = {isa = PBXBuildFile; fileRef = CC256195284314E900191C4D /* Localizable.stringsdict */; };
		CC2561A22843167F00191C4D /* Localizable.strings in Resources */ = {isa = PBXBuildFile; fileRef = CC25619C2843167F00191C4D /* Localizable.strings */; };
		CC2561A32843167F00191C4D /* Awards.json in Resources */ = {isa = PBXBuildFile; fileRef = CC25619E2843167F00191C4D /* Awards.json */; };
		CC2561A42843167F00191C4D /* Localizable.stringsdict in Resources */ = {isa = PBXBuildFile; fileRef = CC2561A02843167F00191C4D /* Localizable.stringsdict */; };
		CC6D38B628438DA200828C6C /* ItemListView.swift in Sources */ = {isa = PBXBuildFile; fileRef = CC6D38B528438DA200828C6C /* ItemListView.swift */; };
		CC6D38B828438FAD00828C6C /* GoalSummaryView.swift in Sources */ = {isa = PBXBuildFile; fileRef = CC6D38B728438FAD00828C6C /* GoalSummaryView.swift */; };
		CC7C75EE284260D5002028A6 /* Sequence+Extension.swift in Sources */ = {isa = PBXBuildFile; fileRef = CC7C75ED284260D5002028A6 /* Sequence+Extension.swift */; };
		CC7C75F028426841002028A6 /* SelectSomethingView.swift in Sources */ = {isa = PBXBuildFile; fileRef = CC7C75EF28426841002028A6 /* SelectSomethingView.swift */; };
		CC7C75F228426A69002028A6 /* Bundle+Extension.swift in Sources */ = {isa = PBXBuildFile; fileRef = CC7C75F128426A69002028A6 /* Bundle+Extension.swift */; };
		CC7C75F428426B05002028A6 /* Awards.json in Resources */ = {isa = PBXBuildFile; fileRef = CC7C75F328426B05002028A6 /* Awards.json */; };
		CC7C75F828426B7B002028A6 /* Award.swift in Sources */ = {isa = PBXBuildFile; fileRef = CC7C75F728426B7B002028A6 /* Award.swift */; };
		CC7C75FB28426C3B002028A6 /* AwardsView.swift in Sources */ = {isa = PBXBuildFile; fileRef = CC7C75FA28426C3B002028A6 /* AwardsView.swift */; };
		CC7C75FD284272A3002028A6 /* Color+Extension.swift in Sources */ = {isa = PBXBuildFile; fileRef = CC7C75FC284272A3002028A6 /* Color+Extension.swift */; };
		CC8A75002840709B00DA16DC /* GoalHeaderView.swift in Sources */ = {isa = PBXBuildFile; fileRef = CC8A74FF2840709B00DA16DC /* GoalHeaderView.swift */; };
		CC8A7502284072D500DA16DC /* Colors.xcassets in Resources */ = {isa = PBXBuildFile; fileRef = CC8A7501284072D500DA16DC /* Colors.xcassets */; };
		CC8A7506284073E600DA16DC /* EditGoalView.swift in Sources */ = {isa = PBXBuildFile; fileRef = CC8A7505284073E600DA16DC /* EditGoalView.swift */; };
		CC8C6D31283C627800D03D92 /* Item+Extension.swift in Sources */ = {isa = PBXBuildFile; fileRef = CC8C6D30283C627800D03D92 /* Item+Extension.swift */; };
		CC8C6D33283C632400D03D92 /* Goal+Extension.swift in Sources */ = {isa = PBXBuildFile; fileRef = CC8C6D32283C632400D03D92 /* Goal+Extension.swift */; };
		CCA3411E283F0DAD0021BC45 /* EditItemView.swift in Sources */ = {isa = PBXBuildFile; fileRef = CCA3411D283F0DAD0021BC45 /* EditItemView.swift */; };
		CCA34120283F106B0021BC45 /* ItemRowView.swift in Sources */ = {isa = PBXBuildFile; fileRef = CCA3411F283F106B0021BC45 /* ItemRowView.swift */; };
		CCA34122283F11BF0021BC45 /* Binding+Extension.swift in Sources */ = {isa = PBXBuildFile; fileRef = CCA34121283F11BF0021BC45 /* Binding+Extension.swift */; };
		CCBF1C72283B280F003476B2 /* ResolveApp.swift in Sources */ = {isa = PBXBuildFile; fileRef = CCBF1C71283B280F003476B2 /* ResolveApp.swift */; };
		CCBF1C74283B280F003476B2 /* ContentView.swift in Sources */ = {isa = PBXBuildFile; fileRef = CCBF1C73283B280F003476B2 /* ContentView.swift */; };
		CCBF1C76283B2810003476B2 /* Assets.xcassets in Resources */ = {isa = PBXBuildFile; fileRef = CCBF1C75283B2810003476B2 /* Assets.xcassets */; };
		CCBF1C79283B2810003476B2 /* Preview Assets.xcassets in Resources */ = {isa = PBXBuildFile; fileRef = CCBF1C78283B2810003476B2 /* Preview Assets.xcassets */; };
		CCBF1C81283B2864003476B2 /* Main.xcdatamodeld in Sources */ = {isa = PBXBuildFile; fileRef = CCBF1C7F283B2864003476B2 /* Main.xcdatamodeld */; };
		CCBF1C85283B2A34003476B2 /* DataController.swift in Sources */ = {isa = PBXBuildFile; fileRef = CCBF1C84283B2A34003476B2 /* DataController.swift */; };
		CCBF1C8A283B2F82003476B2 /* CloudKit.framework in Frameworks */ = {isa = PBXBuildFile; fileRef = CCBF1C89283B2F82003476B2 /* CloudKit.framework */; };
		CCBF1C8D283B308B003476B2 /* HomeView.swift in Sources */ = {isa = PBXBuildFile; fileRef = CCBF1C8C283B308B003476B2 /* HomeView.swift */; };
		CCBF1C8F283B30DA003476B2 /* GoalsView.swift in Sources */ = {isa = PBXBuildFile; fileRef = CCBF1C8E283B30DA003476B2 /* GoalsView.swift */; };
/* End PBXBuildFile section */

/* Begin PBXContainerItemProxy section */
		CC2439B72844612A005142ED /* PBXContainerItemProxy */ = {
			isa = PBXContainerItemProxy;
			containerPortal = CCBF1C66283B280F003476B2 /* Project object */;
			proxyType = 1;
			remoteGlobalIDString = CCBF1C6D283B280F003476B2;
			remoteInfo = Resolve;
		};
/* End PBXContainerItemProxy section */

/* Begin PBXFileReference section */
		CC2439B32844612A005142ED /* ResolveTests.xctest */ = {isa = PBXFileReference; explicitFileType = wrapper.cfbundle; includeInIndex = 0; path = ResolveTests.xctest; sourceTree = BUILT_PRODUCTS_DIR; };
		CC2439B52844612A005142ED /* ResolveTests.swift */ = {isa = PBXFileReference; lastKnownFileType = sourcecode.swift; path = ResolveTests.swift; sourceTree = "<group>"; };
		CC2439BC2844628C005142ED /* AssetTests.swift */ = {isa = PBXFileReference; lastKnownFileType = sourcecode.swift; path = AssetTests.swift; sourceTree = "<group>"; };
		CC2439BE28446409005142ED /* GoalTests.swift */ = {isa = PBXFileReference; lastKnownFileType = sourcecode.swift; path = GoalTests.swift; sourceTree = "<group>"; };
		CC2439C0284466A4005142ED /* AwardTests.swift */ = {isa = PBXFileReference; lastKnownFileType = sourcecode.swift; path = AwardTests.swift; sourceTree = "<group>"; };
		CC256192284314E900191C4D /* hu */ = {isa = PBXFileReference; lastKnownFileType = text.plist.strings; name = hu; path = Localizable.strings; sourceTree = "<group>"; };
		CC256194284314E900191C4D /* hu */ = {isa = PBXFileReference; lastKnownFileType = text.json; name = hu; path = Awards.json; sourceTree = "<group>"; };
		CC256196284314E900191C4D /* hu */ = {isa = PBXFileReference; lastKnownFileType = text.plist.stringsdict; name = hu; path = Localizable.stringsdict; sourceTree = "<group>"; };
		CC25619D2843167F00191C4D /* en */ = {isa = PBXFileReference; lastKnownFileType = text.plist.strings; name = en; path = Localizable.strings; sourceTree = "<group>"; };
		CC25619F2843167F00191C4D /* en */ = {isa = PBXFileReference; lastKnownFileType = text.json; name = en; path = Awards.json; sourceTree = "<group>"; };
		CC2561A12843167F00191C4D /* en */ = {isa = PBXFileReference; lastKnownFileType = text.plist.stringsdict; name = en; path = Localizable.stringsdict; sourceTree = "<group>"; };
		CC6D38B528438DA200828C6C /* ItemListView.swift */ = {isa = PBXFileReference; lastKnownFileType = sourcecode.swift; path = ItemListView.swift; sourceTree = "<group>"; };
		CC6D38B728438FAD00828C6C /* GoalSummaryView.swift */ = {isa = PBXFileReference; lastKnownFileType = sourcecode.swift; path = GoalSummaryView.swift; sourceTree = "<group>"; };
		CC7C75ED284260D5002028A6 /* Sequence+Extension.swift */ = {isa = PBXFileReference; lastKnownFileType = sourcecode.swift; path = "Sequence+Extension.swift"; sourceTree = "<group>"; };
		CC7C75EF28426841002028A6 /* SelectSomethingView.swift */ = {isa = PBXFileReference; lastKnownFileType = sourcecode.swift; path = SelectSomethingView.swift; sourceTree = "<group>"; };
		CC7C75F128426A69002028A6 /* Bundle+Extension.swift */ = {isa = PBXFileReference; lastKnownFileType = sourcecode.swift; path = "Bundle+Extension.swift"; sourceTree = "<group>"; };
		CC7C75F328426B05002028A6 /* Awards.json */ = {isa = PBXFileReference; fileEncoding = 4; lastKnownFileType = text.json; path = Awards.json; sourceTree = "<group>"; };
		CC7C75F728426B7B002028A6 /* Award.swift */ = {isa = PBXFileReference; lastKnownFileType = sourcecode.swift; path = Award.swift; sourceTree = "<group>"; };
		CC7C75FA28426C3B002028A6 /* AwardsView.swift */ = {isa = PBXFileReference; lastKnownFileType = sourcecode.swift; path = AwardsView.swift; sourceTree = "<group>"; };
		CC7C75FC284272A3002028A6 /* Color+Extension.swift */ = {isa = PBXFileReference; lastKnownFileType = sourcecode.swift; path = "Color+Extension.swift"; sourceTree = "<group>"; };
		CC8A74FF2840709B00DA16DC /* GoalHeaderView.swift */ = {isa = PBXFileReference; lastKnownFileType = sourcecode.swift; path = GoalHeaderView.swift; sourceTree = "<group>"; };
		CC8A7501284072D500DA16DC /* Colors.xcassets */ = {isa = PBXFileReference; lastKnownFileType = folder.assetcatalog; path = Colors.xcassets; sourceTree = "<group>"; };
		CC8A7505284073E600DA16DC /* EditGoalView.swift */ = {isa = PBXFileReference; lastKnownFileType = sourcecode.swift; path = EditGoalView.swift; sourceTree = "<group>"; };
		CC8C6D30283C627800D03D92 /* Item+Extension.swift */ = {isa = PBXFileReference; lastKnownFileType = sourcecode.swift; path = "Item+Extension.swift"; sourceTree = "<group>"; };
		CC8C6D32283C632400D03D92 /* Goal+Extension.swift */ = {isa = PBXFileReference; lastKnownFileType = sourcecode.swift; path = "Goal+Extension.swift"; sourceTree = "<group>"; };
		CCA3411D283F0DAD0021BC45 /* EditItemView.swift */ = {isa = PBXFileReference; lastKnownFileType = sourcecode.swift; path = EditItemView.swift; sourceTree = "<group>"; };
		CCA3411F283F106B0021BC45 /* ItemRowView.swift */ = {isa = PBXFileReference; lastKnownFileType = sourcecode.swift; path = ItemRowView.swift; sourceTree = "<group>"; };
		CCA34121283F11BF0021BC45 /* Binding+Extension.swift */ = {isa = PBXFileReference; lastKnownFileType = sourcecode.swift; path = "Binding+Extension.swift"; sourceTree = "<group>"; };
		CCBF1C6E283B280F003476B2 /* Resolve.app */ = {isa = PBXFileReference; explicitFileType = wrapper.application; includeInIndex = 0; path = Resolve.app; sourceTree = BUILT_PRODUCTS_DIR; };
		CCBF1C71283B280F003476B2 /* ResolveApp.swift */ = {isa = PBXFileReference; lastKnownFileType = sourcecode.swift; path = ResolveApp.swift; sourceTree = "<group>"; };
		CCBF1C73283B280F003476B2 /* ContentView.swift */ = {isa = PBXFileReference; lastKnownFileType = sourcecode.swift; path = ContentView.swift; sourceTree = "<group>"; };
		CCBF1C75283B2810003476B2 /* Assets.xcassets */ = {isa = PBXFileReference; lastKnownFileType = folder.assetcatalog; path = Assets.xcassets; sourceTree = "<group>"; };
		CCBF1C78283B2810003476B2 /* Preview Assets.xcassets */ = {isa = PBXFileReference; lastKnownFileType = folder.assetcatalog; path = "Preview Assets.xcassets"; sourceTree = "<group>"; };
		CCBF1C80283B2864003476B2 /* Main.xcdatamodel */ = {isa = PBXFileReference; lastKnownFileType = wrapper.xcdatamodel; path = Main.xcdatamodel; sourceTree = "<group>"; };
		CCBF1C84283B2A34003476B2 /* DataController.swift */ = {isa = PBXFileReference; lastKnownFileType = sourcecode.swift; path = DataController.swift; sourceTree = "<group>"; };
		CCBF1C86283B2F5A003476B2 /* Resolve.entitlements */ = {isa = PBXFileReference; lastKnownFileType = text.plist.entitlements; path = Resolve.entitlements; sourceTree = "<group>"; };
		CCBF1C87283B2F6D003476B2 /* Info.plist */ = {isa = PBXFileReference; lastKnownFileType = text.plist.xml; path = Info.plist; sourceTree = "<group>"; };
		CCBF1C89283B2F82003476B2 /* CloudKit.framework */ = {isa = PBXFileReference; lastKnownFileType = wrapper.framework; name = CloudKit.framework; path = System/Library/Frameworks/CloudKit.framework; sourceTree = SDKROOT; };
		CCBF1C8C283B308B003476B2 /* HomeView.swift */ = {isa = PBXFileReference; lastKnownFileType = sourcecode.swift; path = HomeView.swift; sourceTree = "<group>"; };
		CCBF1C8E283B30DA003476B2 /* GoalsView.swift */ = {isa = PBXFileReference; lastKnownFileType = sourcecode.swift; path = GoalsView.swift; sourceTree = "<group>"; };
/* End PBXFileReference section */

/* Begin PBXFrameworksBuildPhase section */
		CC2439B02844612A005142ED /* Frameworks */ = {
			isa = PBXFrameworksBuildPhase;
			buildActionMask = 2147483647;
			files = (
			);
			runOnlyForDeploymentPostprocessing = 0;
		};
		CCBF1C6B283B280F003476B2 /* Frameworks */ = {
			isa = PBXFrameworksBuildPhase;
			buildActionMask = 2147483647;
			files = (
				CCBF1C8A283B2F82003476B2 /* CloudKit.framework in Frameworks */,
			);
			runOnlyForDeploymentPostprocessing = 0;
		};
/* End PBXFrameworksBuildPhase section */

/* Begin PBXGroup section */
		CC2439AD28445D27005142ED /* Localization */ = {
			isa = PBXGroup;
			children = (
				CC7C75F328426B05002028A6 /* Awards.json */,
				CC256190284314E900191C4D /* hu.lproj */,
				CC25619B2843167F00191C4D /* en.lproj */,
			);
			path = Localization;
			sourceTree = "<group>";
		};
		CC2439AE28445D56005142ED /* Configuration */ = {
			isa = PBXGroup;
			children = (
				CCBF1C86283B2F5A003476B2 /* Resolve.entitlements */,
				CCBF1C7F283B2864003476B2 /* Main.xcdatamodeld */,
			);
			path = Configuration;
			sourceTree = "<group>";
		};
		CC2439B42844612A005142ED /* ResolveTests */ = {
			isa = PBXGroup;
			children = (
				CC2439B52844612A005142ED /* ResolveTests.swift */,
				CC2439BC2844628C005142ED /* AssetTests.swift */,
				CC2439BE28446409005142ED /* GoalTests.swift */,
				CC2439C0284466A4005142ED /* AwardTests.swift */,
			);
			path = ResolveTests;
			sourceTree = "<group>";
		};
		CC256190284314E900191C4D /* hu.lproj */ = {
			isa = PBXGroup;
			children = (
				CC256191284314E900191C4D /* Localizable.strings */,
				CC256193284314E900191C4D /* Awards.json */,
				CC256195284314E900191C4D /* Localizable.stringsdict */,
			);
			path = hu.lproj;
			sourceTree = "<group>";
		};
		CC25619B2843167F00191C4D /* en.lproj */ = {
			isa = PBXGroup;
			children = (
				CC25619C2843167F00191C4D /* Localizable.strings */,
				CC25619E2843167F00191C4D /* Awards.json */,
				CC2561A02843167F00191C4D /* Localizable.stringsdict */,
			);
			path = en.lproj;
			sourceTree = "<group>";
		};
		CC7C75F928426C2E002028A6 /* Award */ = {
			isa = PBXGroup;
			children = (
				CC7C75FA28426C3B002028A6 /* AwardsView.swift */,
			);
			path = Award;
			sourceTree = "<group>";
		};
		CC8A7503284073AE00DA16DC /* GoalView */ = {
			isa = PBXGroup;
			children = (
				CC8A74FF2840709B00DA16DC /* GoalHeaderView.swift */,
				CC6D38B728438FAD00828C6C /* GoalSummaryView.swift */,
				CC8A7505284073E600DA16DC /* EditGoalView.swift */,
				CCBF1C8E283B30DA003476B2 /* GoalsView.swift */,
			);
			path = GoalView;
			sourceTree = "<group>";
		};
		CC8A7504284073BD00DA16DC /* ItemView */ = {
			isa = PBXGroup;
			children = (
				CCA3411D283F0DAD0021BC45 /* EditItemView.swift */,
				CC6D38B528438DA200828C6C /* ItemListView.swift */,
				CCA3411F283F106B0021BC45 /* ItemRowView.swift */,
			);
			path = ItemView;
			sourceTree = "<group>";
		};
		CC8C6D2F283C626C00D03D92 /* Extension */ = {
			isa = PBXGroup;
			children = (
				CC8C6D30283C627800D03D92 /* Item+Extension.swift */,
				CC7C75FC284272A3002028A6 /* Color+Extension.swift */,
				CC7C75F128426A69002028A6 /* Bundle+Extension.swift */,
				CC7C75ED284260D5002028A6 /* Sequence+Extension.swift */,
				CC8C6D32283C632400D03D92 /* Goal+Extension.swift */,
				CCA34121283F11BF0021BC45 /* Binding+Extension.swift */,
			);
			path = Extension;
			sourceTree = "<group>";
		};
		CCBF1C65283B280F003476B2 = {
			isa = PBXGroup;
			children = (
				CCBF1C70283B280F003476B2 /* Resolve */,
				CC2439B42844612A005142ED /* ResolveTests */,
				CCBF1C6F283B280F003476B2 /* Products */,
				CCBF1C88283B2F82003476B2 /* Frameworks */,
			);
			sourceTree = "<group>";
		};
		CCBF1C6F283B280F003476B2 /* Products */ = {
			isa = PBXGroup;
			children = (
				CCBF1C6E283B280F003476B2 /* Resolve.app */,
				CC2439B32844612A005142ED /* ResolveTests.xctest */,
			);
			name = Products;
			sourceTree = "<group>";
		};
		CCBF1C70283B280F003476B2 /* Resolve */ = {
			isa = PBXGroup;
			children = (
				CCBF1C87283B2F6D003476B2 /* Info.plist */,
				CCBF1C71283B280F003476B2 /* ResolveApp.swift */,
				CC2439AE28445D56005142ED /* Configuration */,
				CC2439AD28445D27005142ED /* Localization */,
				CC8C6D2F283C626C00D03D92 /* Extension */,
				CCBF1C8B283B3081003476B2 /* View */,
				CCBF1C82283B2A1D003476B2 /* Model */,
				CCBF1C75283B2810003476B2 /* Assets.xcassets */,
				CC8A7501284072D500DA16DC /* Colors.xcassets */,
				CCBF1C77283B2810003476B2 /* Preview Content */,
			);
			path = Resolve;
			sourceTree = "<group>";
		};
		CCBF1C77283B2810003476B2 /* Preview Content */ = {
			isa = PBXGroup;
			children = (
				CCBF1C78283B2810003476B2 /* Preview Assets.xcassets */,
			);
			path = "Preview Content";
			sourceTree = "<group>";
		};
		CCBF1C82283B2A1D003476B2 /* Model */ = {
			isa = PBXGroup;
			children = (
				CC7C75F728426B7B002028A6 /* Award.swift */,
				CCBF1C83283B2A23003476B2 /* CoreData */,
			);
			path = Model;
			sourceTree = "<group>";
		};
		CCBF1C83283B2A23003476B2 /* CoreData */ = {
			isa = PBXGroup;
			children = (
				CCBF1C84283B2A34003476B2 /* DataController.swift */,
			);
			path = CoreData;
			sourceTree = "<group>";
		};
		CCBF1C88283B2F82003476B2 /* Frameworks */ = {
			isa = PBXGroup;
			children = (
				CCBF1C89283B2F82003476B2 /* CloudKit.framework */,
			);
			name = Frameworks;
			sourceTree = "<group>";
		};
		CCBF1C8B283B3081003476B2 /* View */ = {
			isa = PBXGroup;
			children = (
				CCBF1C73283B280F003476B2 /* ContentView.swift */,
				CCBF1C8C283B308B003476B2 /* HomeView.swift */,
				CC7C75EF28426841002028A6 /* SelectSomethingView.swift */,
				CC7C75F928426C2E002028A6 /* Award */,
				CC8A7504284073BD00DA16DC /* ItemView */,
				CC8A7503284073AE00DA16DC /* GoalView */,
			);
			path = View;
			sourceTree = "<group>";
		};
/* End PBXGroup section */

/* Begin PBXNativeTarget section */
		CC2439B22844612A005142ED /* ResolveTests */ = {
			isa = PBXNativeTarget;
			buildConfigurationList = CC2439B92844612A005142ED /* Build configuration list for PBXNativeTarget "ResolveTests" */;
			buildPhases = (
				CC2439AF2844612A005142ED /* Sources */,
				CC2439B02844612A005142ED /* Frameworks */,
				CC2439B12844612A005142ED /* Resources */,
			);
			buildRules = (
			);
			dependencies = (
				CC2439B82844612A005142ED /* PBXTargetDependency */,
			);
			name = ResolveTests;
			productName = ResolveTests;
			productReference = CC2439B32844612A005142ED /* ResolveTests.xctest */;
			productType = "com.apple.product-type.bundle.unit-test";
		};
		CCBF1C6D283B280F003476B2 /* Resolve */ = {
			isa = PBXNativeTarget;
			buildConfigurationList = CCBF1C7C283B2810003476B2 /* Build configuration list for PBXNativeTarget "Resolve" */;
			buildPhases = (
				CCBF1C6A283B280F003476B2 /* Sources */,
				CCBF1C6B283B280F003476B2 /* Frameworks */,
				CCBF1C6C283B280F003476B2 /* Resources */,
			);
			buildRules = (
			);
			dependencies = (
			);
			name = Resolve;
			productName = Resolve;
			productReference = CCBF1C6E283B280F003476B2 /* Resolve.app */;
			productType = "com.apple.product-type.application";
		};
/* End PBXNativeTarget section */

/* Begin PBXProject section */
		CCBF1C66283B280F003476B2 /* Project object */ = {
			isa = PBXProject;
			attributes = {
				BuildIndependentTargetsInParallel = 1;
				LastSwiftUpdateCheck = 1330;
				LastUpgradeCheck = 1330;
				TargetAttributes = {
					CC2439B22844612A005142ED = {
						CreatedOnToolsVersion = 13.3.1;
						TestTargetID = CCBF1C6D283B280F003476B2;
					};
					CCBF1C6D283B280F003476B2 = {
						CreatedOnToolsVersion = 13.3.1;
					};
				};
			};
			buildConfigurationList = CCBF1C69283B280F003476B2 /* Build configuration list for PBXProject "Resolve" */;
			compatibilityVersion = "Xcode 13.0";
			developmentRegion = en;
			hasScannedForEncodings = 0;
			knownRegions = (
				en,
				Base,
				hu,
			);
			mainGroup = CCBF1C65283B280F003476B2;
			productRefGroup = CCBF1C6F283B280F003476B2 /* Products */;
			projectDirPath = "";
			projectRoot = "";
			targets = (
				CCBF1C6D283B280F003476B2 /* Resolve */,
				CC2439B22844612A005142ED /* ResolveTests */,
			);
		};
/* End PBXProject section */

/* Begin PBXResourcesBuildPhase section */
		CC2439B12844612A005142ED /* Resources */ = {
			isa = PBXResourcesBuildPhase;
			buildActionMask = 2147483647;
			files = (
			);
			runOnlyForDeploymentPostprocessing = 0;
		};
		CCBF1C6C283B280F003476B2 /* Resources */ = {
			isa = PBXResourcesBuildPhase;
			buildActionMask = 2147483647;
			files = (
				CC8A7502284072D500DA16DC /* Colors.xcassets in Resources */,
				CC256199284314E900191C4D /* Localizable.stringsdict in Resources */,
				CC7C75F428426B05002028A6 /* Awards.json in Resources */,
				CC2561A42843167F00191C4D /* Localizable.stringsdict in Resources */,
				CC256197284314E900191C4D /* Localizable.strings in Resources */,
				CC2561A32843167F00191C4D /* Awards.json in Resources */,
				CCBF1C79283B2810003476B2 /* Preview Assets.xcassets in Resources */,
				CC2561A22843167F00191C4D /* Localizable.strings in Resources */,
				CC256198284314E900191C4D /* Awards.json in Resources */,
				CCBF1C76283B2810003476B2 /* Assets.xcassets in Resources */,
			);
			runOnlyForDeploymentPostprocessing = 0;
		};
/* End PBXResourcesBuildPhase section */

/* Begin PBXSourcesBuildPhase section */
		CC2439AF2844612A005142ED /* Sources */ = {
			isa = PBXSourcesBuildPhase;
			buildActionMask = 2147483647;
			files = (
				CC2439BD2844628C005142ED /* AssetTests.swift in Sources */,
				CC2439C1284466A4005142ED /* AwardTests.swift in Sources */,
				CC2439BF28446409005142ED /* GoalTests.swift in Sources */,
				CC2439B62844612A005142ED /* ResolveTests.swift in Sources */,
			);
			runOnlyForDeploymentPostprocessing = 0;
		};
		CCBF1C6A283B280F003476B2 /* Sources */ = {
			isa = PBXSourcesBuildPhase;
			buildActionMask = 2147483647;
			files = (
				CCBF1C81283B2864003476B2 /* Main.xcdatamodeld in Sources */,
				CC8C6D31283C627800D03D92 /* Item+Extension.swift in Sources */,
				CC7C75FB28426C3B002028A6 /* AwardsView.swift in Sources */,
				CC8A75002840709B00DA16DC /* GoalHeaderView.swift in Sources */,
				CC6D38B828438FAD00828C6C /* GoalSummaryView.swift in Sources */,
				CC7C75F228426A69002028A6 /* Bundle+Extension.swift in Sources */,
				CC8C6D33283C632400D03D92 /* Goal+Extension.swift in Sources */,
				CC7C75EE284260D5002028A6 /* Sequence+Extension.swift in Sources */,
				CCBF1C85283B2A34003476B2 /* DataController.swift in Sources */,
				CC7C75F828426B7B002028A6 /* Award.swift in Sources */,
				CC7C75FD284272A3002028A6 /* Color+Extension.swift in Sources */,
				CC7C75F028426841002028A6 /* SelectSomethingView.swift in Sources */,
				CCA34120283F106B0021BC45 /* ItemRowView.swift in Sources */,
				CCBF1C74283B280F003476B2 /* ContentView.swift in Sources */,
				CCA34122283F11BF0021BC45 /* Binding+Extension.swift in Sources */,
				CC8A7506284073E600DA16DC /* EditGoalView.swift in Sources */,
				CC6D38B628438DA200828C6C /* ItemListView.swift in Sources */,
				CCBF1C8F283B30DA003476B2 /* GoalsView.swift in Sources */,
				CCBF1C8D283B308B003476B2 /* HomeView.swift in Sources */,
				CCBF1C72283B280F003476B2 /* ResolveApp.swift in Sources */,
				CCA3411E283F0DAD0021BC45 /* EditItemView.swift in Sources */,
			);
			runOnlyForDeploymentPostprocessing = 0;
		};
/* End PBXSourcesBuildPhase section */

/* Begin PBXTargetDependency section */
		CC2439B82844612A005142ED /* PBXTargetDependency */ = {
			isa = PBXTargetDependency;
			target = CCBF1C6D283B280F003476B2 /* Resolve */;
			targetProxy = CC2439B72844612A005142ED /* PBXContainerItemProxy */;
		};
/* End PBXTargetDependency section */

/* Begin PBXVariantGroup section */
		CC256191284314E900191C4D /* Localizable.strings */ = {
			isa = PBXVariantGroup;
			children = (
				CC256192284314E900191C4D /* hu */,
			);
			name = Localizable.strings;
			sourceTree = "<group>";
		};
		CC256193284314E900191C4D /* Awards.json */ = {
			isa = PBXVariantGroup;
			children = (
				CC256194284314E900191C4D /* hu */,
			);
			name = Awards.json;
			sourceTree = "<group>";
		};
		CC256195284314E900191C4D /* Localizable.stringsdict */ = {
			isa = PBXVariantGroup;
			children = (
				CC256196284314E900191C4D /* hu */,
			);
			name = Localizable.stringsdict;
			sourceTree = "<group>";
		};
		CC25619C2843167F00191C4D /* Localizable.strings */ = {
			isa = PBXVariantGroup;
			children = (
				CC25619D2843167F00191C4D /* en */,
			);
			name = Localizable.strings;
			sourceTree = "<group>";
		};
		CC25619E2843167F00191C4D /* Awards.json */ = {
			isa = PBXVariantGroup;
			children = (
				CC25619F2843167F00191C4D /* en */,
			);
			name = Awards.json;
			sourceTree = "<group>";
		};
		CC2561A02843167F00191C4D /* Localizable.stringsdict */ = {
			isa = PBXVariantGroup;
			children = (
				CC2561A12843167F00191C4D /* en */,
			);
			name = Localizable.stringsdict;
			sourceTree = "<group>";
		};
/* End PBXVariantGroup section */

/* Begin XCBuildConfiguration section */
		CC2439BA2844612A005142ED /* Debug */ = {
			isa = XCBuildConfiguration;
			buildSettings = {
				BUNDLE_LOADER = "$(TEST_HOST)";
				CODE_SIGN_STYLE = Automatic;
				CURRENT_PROJECT_VERSION = 1;
				DEVELOPMENT_TEAM = 88QL9VPLMY;
				GENERATE_INFOPLIST_FILE = YES;
				MARKETING_VERSION = 1.0;
				PRODUCT_BUNDLE_IDENTIFIER = com.transfinite.ResolveTests;
				PRODUCT_NAME = "$(TARGET_NAME)";
				SWIFT_EMIT_LOC_STRINGS = NO;
				SWIFT_VERSION = 5.0;
				TARGETED_DEVICE_FAMILY = "1,2";
				TEST_HOST = "$(BUILT_PRODUCTS_DIR)/Resolve.app/Resolve";
			};
			name = Debug;
		};
		CC2439BB2844612A005142ED /* Release */ = {
			isa = XCBuildConfiguration;
			buildSettings = {
				BUNDLE_LOADER = "$(TEST_HOST)";
				CODE_SIGN_STYLE = Automatic;
				CURRENT_PROJECT_VERSION = 1;
				DEVELOPMENT_TEAM = 88QL9VPLMY;
				GENERATE_INFOPLIST_FILE = YES;
				MARKETING_VERSION = 1.0;
				PRODUCT_BUNDLE_IDENTIFIER = com.transfinite.ResolveTests;
				PRODUCT_NAME = "$(TARGET_NAME)";
				SWIFT_EMIT_LOC_STRINGS = NO;
				SWIFT_VERSION = 5.0;
				TARGETED_DEVICE_FAMILY = "1,2";
				TEST_HOST = "$(BUILT_PRODUCTS_DIR)/Resolve.app/Resolve";
			};
			name = Release;
		};
		CCBF1C7A283B2810003476B2 /* Debug */ = {
			isa = XCBuildConfiguration;
			buildSettings = {
				ALWAYS_SEARCH_USER_PATHS = NO;
				CLANG_ANALYZER_NONNULL = YES;
				CLANG_ANALYZER_NUMBER_OBJECT_CONVERSION = YES_AGGRESSIVE;
				CLANG_CXX_LANGUAGE_STANDARD = "gnu++17";
				CLANG_ENABLE_MODULES = YES;
				CLANG_ENABLE_OBJC_ARC = YES;
				CLANG_ENABLE_OBJC_WEAK = YES;
				CLANG_WARN_BLOCK_CAPTURE_AUTORELEASING = YES;
				CLANG_WARN_BOOL_CONVERSION = YES;
				CLANG_WARN_COMMA = YES;
				CLANG_WARN_CONSTANT_CONVERSION = YES;
				CLANG_WARN_DEPRECATED_OBJC_IMPLEMENTATIONS = YES;
				CLANG_WARN_DIRECT_OBJC_ISA_USAGE = YES_ERROR;
				CLANG_WARN_DOCUMENTATION_COMMENTS = YES;
				CLANG_WARN_EMPTY_BODY = YES;
				CLANG_WARN_ENUM_CONVERSION = YES;
				CLANG_WARN_INFINITE_RECURSION = YES;
				CLANG_WARN_INT_CONVERSION = YES;
				CLANG_WARN_NON_LITERAL_NULL_CONVERSION = YES;
				CLANG_WARN_OBJC_IMPLICIT_RETAIN_SELF = YES;
				CLANG_WARN_OBJC_LITERAL_CONVERSION = YES;
				CLANG_WARN_OBJC_ROOT_CLASS = YES_ERROR;
				CLANG_WARN_QUOTED_INCLUDE_IN_FRAMEWORK_HEADER = YES;
				CLANG_WARN_RANGE_LOOP_ANALYSIS = YES;
				CLANG_WARN_STRICT_PROTOTYPES = YES;
				CLANG_WARN_SUSPICIOUS_MOVE = YES;
				CLANG_WARN_UNGUARDED_AVAILABILITY = YES_AGGRESSIVE;
				CLANG_WARN_UNREACHABLE_CODE = YES;
				CLANG_WARN__DUPLICATE_METHOD_MATCH = YES;
				COPY_PHASE_STRIP = NO;
				DEBUG_INFORMATION_FORMAT = dwarf;
				ENABLE_STRICT_OBJC_MSGSEND = YES;
				ENABLE_TESTABILITY = YES;
				GCC_C_LANGUAGE_STANDARD = gnu11;
				GCC_DYNAMIC_NO_PIC = NO;
				GCC_NO_COMMON_BLOCKS = YES;
				GCC_OPTIMIZATION_LEVEL = 0;
				GCC_PREPROCESSOR_DEFINITIONS = (
					"DEBUG=1",
					"$(inherited)",
				);
				GCC_WARN_64_TO_32_BIT_CONVERSION = YES;
				GCC_WARN_ABOUT_RETURN_TYPE = YES_ERROR;
				GCC_WARN_UNDECLARED_SELECTOR = YES;
				GCC_WARN_UNINITIALIZED_AUTOS = YES_AGGRESSIVE;
				GCC_WARN_UNUSED_FUNCTION = YES;
				GCC_WARN_UNUSED_VARIABLE = YES;
				IPHONEOS_DEPLOYMENT_TARGET = 15.4;
				MTL_ENABLE_DEBUG_INFO = INCLUDE_SOURCE;
				MTL_FAST_MATH = YES;
				ONLY_ACTIVE_ARCH = YES;
				SDKROOT = iphoneos;
				SWIFT_ACTIVE_COMPILATION_CONDITIONS = DEBUG;
				SWIFT_OPTIMIZATION_LEVEL = "-Onone";
			};
			name = Debug;
		};
		CCBF1C7B283B2810003476B2 /* Release */ = {
			isa = XCBuildConfiguration;
			buildSettings = {
				ALWAYS_SEARCH_USER_PATHS = NO;
				CLANG_ANALYZER_NONNULL = YES;
				CLANG_ANALYZER_NUMBER_OBJECT_CONVERSION = YES_AGGRESSIVE;
				CLANG_CXX_LANGUAGE_STANDARD = "gnu++17";
				CLANG_ENABLE_MODULES = YES;
				CLANG_ENABLE_OBJC_ARC = YES;
				CLANG_ENABLE_OBJC_WEAK = YES;
				CLANG_WARN_BLOCK_CAPTURE_AUTORELEASING = YES;
				CLANG_WARN_BOOL_CONVERSION = YES;
				CLANG_WARN_COMMA = YES;
				CLANG_WARN_CONSTANT_CONVERSION = YES;
				CLANG_WARN_DEPRECATED_OBJC_IMPLEMENTATIONS = YES;
				CLANG_WARN_DIRECT_OBJC_ISA_USAGE = YES_ERROR;
				CLANG_WARN_DOCUMENTATION_COMMENTS = YES;
				CLANG_WARN_EMPTY_BODY = YES;
				CLANG_WARN_ENUM_CONVERSION = YES;
				CLANG_WARN_INFINITE_RECURSION = YES;
				CLANG_WARN_INT_CONVERSION = YES;
				CLANG_WARN_NON_LITERAL_NULL_CONVERSION = YES;
				CLANG_WARN_OBJC_IMPLICIT_RETAIN_SELF = YES;
				CLANG_WARN_OBJC_LITERAL_CONVERSION = YES;
				CLANG_WARN_OBJC_ROOT_CLASS = YES_ERROR;
				CLANG_WARN_QUOTED_INCLUDE_IN_FRAMEWORK_HEADER = YES;
				CLANG_WARN_RANGE_LOOP_ANALYSIS = YES;
				CLANG_WARN_STRICT_PROTOTYPES = YES;
				CLANG_WARN_SUSPICIOUS_MOVE = YES;
				CLANG_WARN_UNGUARDED_AVAILABILITY = YES_AGGRESSIVE;
				CLANG_WARN_UNREACHABLE_CODE = YES;
				CLANG_WARN__DUPLICATE_METHOD_MATCH = YES;
				COPY_PHASE_STRIP = NO;
				DEBUG_INFORMATION_FORMAT = "dwarf-with-dsym";
				ENABLE_NS_ASSERTIONS = NO;
				ENABLE_STRICT_OBJC_MSGSEND = YES;
				GCC_C_LANGUAGE_STANDARD = gnu11;
				GCC_NO_COMMON_BLOCKS = YES;
				GCC_WARN_64_TO_32_BIT_CONVERSION = YES;
				GCC_WARN_ABOUT_RETURN_TYPE = YES_ERROR;
				GCC_WARN_UNDECLARED_SELECTOR = YES;
				GCC_WARN_UNINITIALIZED_AUTOS = YES_AGGRESSIVE;
				GCC_WARN_UNUSED_FUNCTION = YES;
				GCC_WARN_UNUSED_VARIABLE = YES;
				IPHONEOS_DEPLOYMENT_TARGET = 15.4;
				MTL_ENABLE_DEBUG_INFO = NO;
				MTL_FAST_MATH = YES;
				SDKROOT = iphoneos;
				SWIFT_COMPILATION_MODE = wholemodule;
				SWIFT_OPTIMIZATION_LEVEL = "-O";
				VALIDATE_PRODUCT = YES;
			};
			name = Release;
		};
		CCBF1C7D283B2810003476B2 /* Debug */ = {
			isa = XCBuildConfiguration;
			buildSettings = {
				ASSETCATALOG_COMPILER_APPICON_NAME = AppIcon;
				ASSETCATALOG_COMPILER_GLOBAL_ACCENT_COLOR_NAME = AccentColor;
				CODE_SIGN_ENTITLEMENTS = Resolve/Configuration/Resolve.entitlements;
				CODE_SIGN_STYLE = Automatic;
				CURRENT_PROJECT_VERSION = 1;
				DEVELOPMENT_ASSET_PATHS = "\"Resolve/Preview Content\"";
				DEVELOPMENT_TEAM = 88QL9VPLMY;
				ENABLE_PREVIEWS = YES;
				GENERATE_INFOPLIST_FILE = YES;
				INFOPLIST_FILE = Resolve/Info.plist;
				INFOPLIST_KEY_UIApplicationSceneManifest_Generation = YES;
				INFOPLIST_KEY_UIApplicationSupportsIndirectInputEvents = YES;
				INFOPLIST_KEY_UILaunchScreen_Generation = YES;
				INFOPLIST_KEY_UISupportedInterfaceOrientations_iPad = "UIInterfaceOrientationPortrait UIInterfaceOrientationPortraitUpsideDown UIInterfaceOrientationLandscapeLeft UIInterfaceOrientationLandscapeRight";
				INFOPLIST_KEY_UISupportedInterfaceOrientations_iPhone = "UIInterfaceOrientationPortrait UIInterfaceOrientationLandscapeLeft UIInterfaceOrientationLandscapeRight";
				LD_RUNPATH_SEARCH_PATHS = (
					"$(inherited)",
					"@executable_path/Frameworks",
				);
				MARKETING_VERSION = 1.0;
				PRODUCT_BUNDLE_IDENTIFIER = com.transfinite.Resolve;
				PRODUCT_NAME = "$(TARGET_NAME)";
				SWIFT_EMIT_LOC_STRINGS = YES;
				SWIFT_VERSION = 5.0;
				TARGETED_DEVICE_FAMILY = "1,2";
			};
			name = Debug;
		};
		CCBF1C7E283B2810003476B2 /* Release */ = {
			isa = XCBuildConfiguration;
			buildSettings = {
				ASSETCATALOG_COMPILER_APPICON_NAME = AppIcon;
				ASSETCATALOG_COMPILER_GLOBAL_ACCENT_COLOR_NAME = AccentColor;
				CODE_SIGN_ENTITLEMENTS = Resolve/Configuration/Resolve.entitlements;
				CODE_SIGN_STYLE = Automatic;
				CURRENT_PROJECT_VERSION = 1;
				DEVELOPMENT_ASSET_PATHS = "\"Resolve/Preview Content\"";
				DEVELOPMENT_TEAM = 88QL9VPLMY;
				ENABLE_PREVIEWS = YES;
				GENERATE_INFOPLIST_FILE = YES;
				INFOPLIST_FILE = Resolve/Info.plist;
				INFOPLIST_KEY_UIApplicationSceneManifest_Generation = YES;
				INFOPLIST_KEY_UIApplicationSupportsIndirectInputEvents = YES;
				INFOPLIST_KEY_UILaunchScreen_Generation = YES;
				INFOPLIST_KEY_UISupportedInterfaceOrientations_iPad = "UIInterfaceOrientationPortrait UIInterfaceOrientationPortraitUpsideDown UIInterfaceOrientationLandscapeLeft UIInterfaceOrientationLandscapeRight";
				INFOPLIST_KEY_UISupportedInterfaceOrientations_iPhone = "UIInterfaceOrientationPortrait UIInterfaceOrientationLandscapeLeft UIInterfaceOrientationLandscapeRight";
				LD_RUNPATH_SEARCH_PATHS = (
					"$(inherited)",
					"@executable_path/Frameworks",
				);
				MARKETING_VERSION = 1.0;
				PRODUCT_BUNDLE_IDENTIFIER = com.transfinite.Resolve;
				PRODUCT_NAME = "$(TARGET_NAME)";
				SWIFT_EMIT_LOC_STRINGS = YES;
				SWIFT_VERSION = 5.0;
				TARGETED_DEVICE_FAMILY = "1,2";
			};
			name = Release;
		};
/* End XCBuildConfiguration section */

/* Begin XCConfigurationList section */
		CC2439B92844612A005142ED /* Build configuration list for PBXNativeTarget "ResolveTests" */ = {
			isa = XCConfigurationList;
			buildConfigurations = (
				CC2439BA2844612A005142ED /* Debug */,
				CC2439BB2844612A005142ED /* Release */,
			);
			defaultConfigurationIsVisible = 0;
			defaultConfigurationName = Release;
		};
		CCBF1C69283B280F003476B2 /* Build configuration list for PBXProject "Resolve" */ = {
			isa = XCConfigurationList;
			buildConfigurations = (
				CCBF1C7A283B2810003476B2 /* Debug */,
				CCBF1C7B283B2810003476B2 /* Release */,
			);
			defaultConfigurationIsVisible = 0;
			defaultConfigurationName = Release;
		};
		CCBF1C7C283B2810003476B2 /* Build configuration list for PBXNativeTarget "Resolve" */ = {
			isa = XCConfigurationList;
			buildConfigurations = (
				CCBF1C7D283B2810003476B2 /* Debug */,
				CCBF1C7E283B2810003476B2 /* Release */,
			);
			defaultConfigurationIsVisible = 0;
			defaultConfigurationName = Release;
		};
/* End XCConfigurationList section */

/* Begin XCVersionGroup section */
		CCBF1C7F283B2864003476B2 /* Main.xcdatamodeld */ = {
			isa = XCVersionGroup;
			children = (
				CCBF1C80283B2864003476B2 /* Main.xcdatamodel */,
			);
			currentVersion = CCBF1C80283B2864003476B2 /* Main.xcdatamodel */;
			path = Main.xcdatamodeld;
			sourceTree = "<group>";
			versionGroupType = wrapper.xcdatamodel;
		};
/* End XCVersionGroup section */
	};
	rootObject = CCBF1C66283B280F003476B2 /* Project object */;
}
